{
  "nodes": {
    "command-utils": {
      "inputs": {
        "flake-utils": "flake-utils",
        "nixpkgs": "nixpkgs"
      },
      "locked": {
        "lastModified": 1709702368,
        "narHash": "sha256-1YOPubkJ5M6HigdfN0gn0AZ3kx6MHboG9UbWpYpk3gM=",
        "owner": "expede",
        "repo": "nix-command-utils",
        "rev": "8f7179876383495b1f98311e53ebb41649ca270a",
        "type": "github"
      },
      "original": {
        "owner": "expede",
        "repo": "nix-command-utils",
        "type": "github"
      }
    },
    "flake-utils": {
      "inputs": {
        "systems": "systems"
      },
      "locked": {
        "lastModified": 1709126324,
        "narHash": "sha256-q6EQdSeUZOG26WelxqkmR7kArjgWCdw5sfJVHPH/7j8=",
        "owner": "numtide",
        "repo": "flake-utils",
        "rev": "d465f4819400de7c8d874d50b982301f28a84605",
        "type": "github"
      },
      "original": {
        "id": "flake-utils",
        "type": "indirect"
      }
    },
    "flake-utils_2": {
      "inputs": {
        "systems": "systems_2"
      },
      "locked": {
        "lastModified": 1731533236,
        "narHash": "sha256-l0KFg5HjrsfsO/JpG+r7fRrqm12kzFHyUHqHCVpMMbI=",
        "owner": "numtide",
        "repo": "flake-utils",
        "rev": "11707dc2f618dd54ca8739b309ec4fc024de578b",
        "type": "github"
      },
      "original": {
        "owner": "numtide",
        "repo": "flake-utils",
        "type": "github"
      }
    },
    "nixos-unstable": {
      "locked": {
        "lastModified": 1736881310,
        "narHash": "sha256-5BlVeikKoJVrUXBdr1kSrcRQ8o20Kl+ZU2pEzpE5sUw=",
        "owner": "NixOS",
        "repo": "nixpkgs",
        "rev": "733994ea06585b76621073160e87b0bfac7fc5ae",
        "type": "github"
      },
      "original": {
        "id": "nixpkgs",
        "ref": "nixos-unstable-small",
        "type": "indirect"
      }
    },
    "nixpkgs": {
      "locked": {
        "lastModified": 1709569716,
        "narHash": "sha256-iOR44RU4jQ+YPGrn+uQeYAp7Xo7Z/+gT+wXJoGxxLTY=",
        "owner": "NixOS",
        "repo": "nixpkgs",
        "rev": "617579a787259b9a6419492eaac670a5f7663917",
        "type": "github"
      },
      "original": {
        "id": "nixpkgs",
        "ref": "nixos-23.11",
        "type": "indirect"
      }
    },
    "nixpkgs_2": {
      "locked": {
        "lastModified": 1736867362,
        "narHash": "sha256-i/UJ5I7HoqmFMwZEH6vAvBxOrjjOJNU739lnZnhUln8=",
        "owner": "NixOS",
        "repo": "nixpkgs",
        "rev": "9c6b49aeac36e2ed73a8c472f1546f6d9cf1addc",
        "type": "github"
      },
      "original": {
        "id": "nixpkgs",
        "ref": "nixos-24.11",
        "type": "indirect"
      }
    },
    "root": {
      "inputs": {
        "command-utils": "command-utils",
        "flake-utils": "flake-utils_2",
        "nixos-unstable": "nixos-unstable",
        "nixpkgs": "nixpkgs_2",
        "rust-overlay": "rust-overlay"
      }
    },
    "rust-overlay": {
      "inputs": {
        "nixpkgs": [
          "nixpkgs"
        ]
      },
      "locked": {
        "lastModified": 1736907983,
        "narHash": "sha256-fw55wVwpJW36Md2HZBKuxX3YHGeqsGsspPLtCMVr1Y8=",
        "owner": "oxalica",
        "repo": "rust-overlay",
        "rev": "eaa365c911441e07e387ff6acc596619fc50b156",
        "type": "github"
      },
      "original": {
        "owner": "oxalica",
        "repo": "rust-overlay",
        "type": "github"
      }
    },
    "systems": {
      "locked": {
        "lastModified": 1681028828,
        "narHash": "sha256-Vy1rq5AaRuLzOxct8nz4T6wlgyUR7zLU309k9mBC768=",
        "owner": "nix-systems",
        "repo": "default",
        "rev": "da67096a3b9bf56a91d16901293e51ba5b49a27e",
        "type": "github"
      },
      "original": {
        "owner": "nix-systems",
        "repo": "default",
        "type": "github"
      }
    },
    "systems_2": {
      "locked": {
        "lastModified": 1681028828,
        "narHash": "sha256-Vy1rq5AaRuLzOxct8nz4T6wlgyUR7zLU309k9mBC768=",
        "owner": "nix-systems",
        "repo": "default",
        "rev": "da67096a3b9bf56a91d16901293e51ba5b49a27e",
        "type": "github"
      },
      "original": {
        "owner": "nix-systems",
        "repo": "default",
        "type": "github"
      }
    }
  },
  "root": "root",
  "version": 7
}
